
Microsoft Visual Studio Solution File, Format Version 12.00
# Visual Studio Version 17
VisualStudioVersion = 17.9.34728.123
MinimumVisualStudioVersion = 10.0.40219.1
Project("{8BC9CEB8-8B4A-11D0-8D11-00A0C91BC942}") = "Nuclear_cpp_project", "Nuclear_cpp_project.vcxproj", "{9F51D84C-60BE-483A-B4A5-419861EB5CEE}"
EndProject
Global
	GlobalSection(SolutionConfigurationPlatforms) = preSolution
		Debug|x64 = Debug|x64
		Debug|x86 = Debug|x86
		Release|x64 = Release|x64
		Release|x86 = Release|x86
	EndGlobalSection
	GlobalSection(ProjectConfigurationPlatforms) = postSolution
		{9F51D84C-60BE-483A-B4A5-419861EB5CEE}.Debug|x64.ActiveCfg = Debug|x64
		{9F51D84C-60BE-483A-B4A5-419861EB5CEE}.Debug|x64.Build.0 = Debug|x64
		{9F51D84C-60BE-483A-B4A5-419861EB5CEE}.Debug|x86.ActiveCfg = Debug|Win32
		{9F51D84C-60BE-483A-B4A5-419861EB5CEE}.Debug|x86.Build.0 = Debug|Win32
		{9F51D84C-60BE-483A-B4A5-419861EB5CEE}.Release|x64.ActiveCfg = Release|x64
		{9F51D84C-60BE-483A-B4A5-419861EB5CEE}.Release|x64.Build.0 = Release|x64
		{9F51D84C-60BE-483A-B4A5-419861EB5CEE}.Release|x86.ActiveCfg = Release|Win32
		{9F51D84C-60BE-483A-B4A5-419861EB5CEE}.Release|x86.Build.0 = Release|Win32
	EndGlobalSection
	GlobalSection(SolutionProperties) = preSolution
		HideSolutionNode = FALSE
	EndGlobalSection
	GlobalSection(ExtensibilityGlobals) = postSolution
		SolutionGuid = {2E9C2B49-375C-471F-B08D-2BF42D934B6B}
	EndGlobalSection
EndGlobal
